Microsoft Visual Studio Solution File, Format Version 12.00
# Visual Studio Version 16
VisualStudioVersion = 16.0.31112.23
MinimumVisualStudioVersion = 10.0.40219.1
Project("{FAE04EC0-301F-11D3-BF4B-00C04F79EFBC}") = "ElectrumMobileXRC.Android", "ElectrumMobileXRC.Android\ElectrumMobileXRC.Android.csproj", "{1B812DE5-C9A5-4325-AB0F-6D1B26A7EBE2}"
EndProject
Project("{FAE04EC0-301F-11D3-BF4B-00C04F79EFBC}") = "ElectrumMobileXRC.iOS", "ElectrumMobileXRC.iOS\ElectrumMobileXRC.iOS.csproj", "{70273681-F9B2-4E24-AF20-8AF9E77C405A}"
EndProject
Project("{9A19103F-16F7-4668-BE54-9A1E7A4F7556}") = "ElectrumMobileXRC", "ElectrumMobileXRC\ElectrumMobileXRC.csproj", "{D1A01A20-9E01-42C9-B9B0-51CF3DE6E2B1}"
EndProject
Project("{9A19103F-16F7-4668-BE54-9A1E7A4F7556}") = "ElectrumXClient", "ElectrumXClient\ElectrumXClient.csproj", "{51B9E364-A8CB-4B46-9CFD-9184290BE744}"
EndProject
Project("{9A19103F-16F7-4668-BE54-9A1E7A4F7556}") = "ElectrumXClient.Tests", "ElectrumXClient.Tests\ElectrumXClient.Tests.csproj", "{F1EE243A-FBA6-4762-BF72-37BAE639FBC7}"
EndProject
Project("{9A19103F-16F7-4668-BE54-9A1E7A4F7556}") = "NBitcoin", "NBitcoin\NBitcoin.csproj", "{40C3A35B-8332-46FD-A28C-25556A937CFA}"
EndProject
Project("{9A19103F-16F7-4668-BE54-9A1E7A4F7556}") = "ElectrumMobileXRC.Resources", "ElectrumMobileXRC.Resources\ElectrumMobileXRC.Resources.csproj", "{95193621-435B-4DFC-B082-DC2405DACA8B}"
EndProject
Project("{9A19103F-16F7-4668-BE54-9A1E7A4F7556}") = "WalletProvider", "WalletProvider\WalletProvider.csproj", "{955C654E-4D59-40B5-AD10-84D858429CE9}"
EndProject
Project("{FAE04EC0-301F-11D3-BF4B-00C04F79EFBC}") = "NetworkProvider", "NetworkProvider\NetworkProvider.csproj", "{B709D8DC-DD91-4DB4-932E-96542FC7D092}"
EndProject
Global
	GlobalSection(SolutionConfigurationPlatforms) = preSolution
		Ad-Hoc|Any CPU = Ad-Hoc|Any CPU
		Ad-Hoc|iPhone = Ad-Hoc|iPhone
		Ad-Hoc|iPhoneSimulator = Ad-Hoc|iPhoneSimulator
		AppStore|Any CPU = AppStore|Any CPU
		AppStore|iPhone = AppStore|iPhone
		AppStore|iPhoneSimulator = AppStore|iPhoneSimulator
		Debug|Any CPU = Debug|Any CPU
		Debug|iPhone = Debug|iPhone
		Debug|iPhoneSimulator = Debug|iPhoneSimulator
		Release|Any CPU = Release|Any CPU
		Release|iPhone = Release|iPhone
		Release|iPhoneSimulator = Release|iPhoneSimulator
	EndGlobalSection
	GlobalSection(ProjectConfigurationPlatforms) = postSolution
		{1B812DE5-C9A5-4325-AB0F-6D1B26A7EBE2}.Ad-Hoc|Any CPU.ActiveCfg = Release|Any CPU
		{1B812DE5-C9A5-4325-AB0F-6D1B26A7EBE2}.Ad-Hoc|Any CPU.Build.0 = Release|Any CPU
		{1B812DE5-C9A5-4325-AB0F-6D1B26A7EBE2}.Ad-Hoc|Any CPU.Deploy.0 = Release|Any CPU
		{1B812DE5-C9A5-4325-AB0F-6D1B26A7EBE2}.Ad-Hoc|iPhone.ActiveCfg = Debug|Any CPU
		{1B812DE5-C9A5-4325-AB0F-6D1B26A7EBE2}.Ad-Hoc|iPhone.Build.0 = Debug|Any CPU
		{1B812DE5-C9A5-4325-AB0F-6D1B26A7EBE2}.Ad-Hoc|iPhoneSimulator.ActiveCfg = Release|Any CPU
		{1B812DE5-C9A5-4325-AB0F-6D1B26A7EBE2}.Ad-Hoc|iPhoneSimulator.Build.0 = Release|Any CPU
		{1B812DE5-C9A5-4325-AB0F-6D1B26A7EBE2}.Ad-Hoc|iPhoneSimulator.Deploy.0 = Release|Any CPU
		{1B812DE5-C9A5-4325-AB0F-6D1B26A7EBE2}.AppStore|Any CPU.ActiveCfg = Release|Any CPU
		{1B812DE5-C9A5-4325-AB0F-6D1B26A7EBE2}.AppStore|Any CPU.Build.0 = Release|Any CPU
		{1B812DE5-C9A5-4325-AB0F-6D1B26A7EBE2}.AppStore|Any CPU.Deploy.0 = Release|Any CPU
		{1B812DE5-C9A5-4325-AB0F-6D1B26A7EBE2}.AppStore|iPhone.ActiveCfg = Debug|Any CPU
		{1B812DE5-C9A5-4325-AB0F-6D1B26A7EBE2}.AppStore|iPhone.Build.0 = Debug|Any CPU
		{1B812DE5-C9A5-4325-AB0F-6D1B26A7EBE2}.AppStore|iPhoneSimulator.ActiveCfg = Release|Any CPU
		{1B812DE5-C9A5-4325-AB0F-6D1B26A7EBE2}.AppStore|iPhoneSimulator.Build.0 = Release|Any CPU
		{1B812DE5-C9A5-4325-AB0F-6D1B26A7EBE2}.AppStore|iPhoneSimulator.Deploy.0 = Release|Any CPU
		{1B812DE5-C9A5-4325-AB0F-6D1B26A7EBE2}.Debug|Any CPU.ActiveCfg = Debug|Any CPU
		{1B812DE5-C9A5-4325-AB0F-6D1B26A7EBE2}.Debug|Any CPU.Build.0 = Debug|Any CPU
		{1B812DE5-C9A5-4325-AB0F-6D1B26A7EBE2}.Debug|iPhone.ActiveCfg = Debug|Any CPU
		{1B812DE5-C9A5-4325-AB0F-6D1B26A7EBE2}.Debug|iPhone.Build.0 = Debug|Any CPU
		{1B812DE5-C9A5-4325-AB0F-6D1B26A7EBE2}.Debug|iPhoneSimulator.ActiveCfg = Debug|Any CPU
		{1B812DE5-C9A5-4325-AB0F-6D1B26A7EBE2}.Debug|iPhoneSimulator.Build.0 = Debug|Any CPU
		{1B812DE5-C9A5-4325-AB0F-6D1B26A7EBE2}.Release|Any CPU.ActiveCfg = Release|Any CPU
		{1B812DE5-C9A5-4325-AB0F-6D1B26A7EBE2}.Release|Any CPU.Build.0 = Release|Any CPU
		{1B812DE5-C9A5-4325-AB0F-6D1B26A7EBE2}.Release|iPhone.ActiveCfg = Release|Any CPU
		{1B812DE5-C9A5-4325-AB0F-6D1B26A7EBE2}.Release|iPhone.Build.0 = Release|Any CPU
		{1B812DE5-C9A5-4325-AB0F-6D1B26A7EBE2}.Release|iPhoneSimulator.ActiveCfg = Release|Any CPU
		{1B812DE5-C9A5-4325-AB0F-6D1B26A7EBE2}.Release|iPhoneSimulator.Build.0 = Release|Any CPU
		{70273681-F9B2-4E24-AF20-8AF9E77C405A}.Ad-Hoc|Any CPU.ActiveCfg = Ad-Hoc|iPhoneSimulator
		{70273681-F9B2-4E24-AF20-8AF9E77C405A}.Ad-Hoc|iPhone.ActiveCfg = Ad-Hoc|iPhone
		{70273681-F9B2-4E24-AF20-8AF9E77C405A}.Ad-Hoc|iPhone.Build.0 = Ad-Hoc|iPhone
		{70273681-F9B2-4E24-AF20-8AF9E77C405A}.Ad-Hoc|iPhoneSimulator.ActiveCfg = Ad-Hoc|iPhoneSimulator
		{70273681-F9B2-4E24-AF20-8AF9E77C405A}.Ad-Hoc|iPhoneSimulator.Build.0 = Ad-Hoc|iPhoneSimulator
		{70273681-F9B2-4E24-AF20-8AF9E77C405A}.AppStore|Any CPU.ActiveCfg = AppStore|iPhoneSimulator
		{70273681-F9B2-4E24-AF20-8AF9E77C405A}.AppStore|iPhone.ActiveCfg = AppStore|iPhone
		{70273681-F9B2-4E24-AF20-8AF9E77C405A}.AppStore|iPhone.Build.0 = AppStore|iPhone
		{70273681-F9B2-4E24-AF20-8AF9E77C405A}.AppStore|iPhoneSimulator.ActiveCfg = AppStore|iPhoneSimulator
		{70273681-F9B2-4E24-AF20-8AF9E77C405A}.AppStore|iPhoneSimulator.Build.0 = AppStore|iPhoneSimulator
		{70273681-F9B2-4E24-AF20-8AF9E77C405A}.Debug|Any CPU.ActiveCfg = Debug|iPhoneSimulator
		{70273681-F9B2-4E24-AF20-8AF9E77C405A}.Debug|Any CPU.Build.0 = Debug|iPhoneSimulator
		{70273681-F9B2-4E24-AF20-8AF9E77C405A}.Debug|iPhone.ActiveCfg = Debug|iPhone
		{70273681-F9B2-4E24-AF20-8AF9E77C405A}.Debug|iPhone.Build.0 = Debug|iPhone
		{70273681-F9B2-4E24-AF20-8AF9E77C405A}.Debug|iPhoneSimulator.ActiveCfg = Debug|iPhoneSimulator
		{70273681-F9B2-4E24-AF20-8AF9E77C405A}.Debug|iPhoneSimulator.Build.0 = Debug|iPhoneSimulator
		{70273681-F9B2-4E24-AF20-8AF9E77C405A}.Release|Any CPU.ActiveCfg = Release|iPhoneSimulator
		{70273681-F9B2-4E24-AF20-8AF9E77C405A}.Release|Any CPU.Build.0 = Release|iPhoneSimulator
		{70273681-F9B2-4E24-AF20-8AF9E77C405A}.Release|iPhone.ActiveCfg = Release|iPhone
		{70273681-F9B2-4E24-AF20-8AF9E77C405A}.Release|iPhone.Build.0 = Release|iPhone
		{70273681-F9B2-4E24-AF20-8AF9E77C405A}.Release|iPhoneSimulator.ActiveCfg = Release|iPhoneSimulator
		{70273681-F9B2-4E24-AF20-8AF9E77C405A}.Release|iPhoneSimulator.Build.0 = Release|iPhoneSimulator
		{D1A01A20-9E01-42C9-B9B0-51CF3DE6E2B1}.Ad-Hoc|Any CPU.ActiveCfg = Release|Any CPU
		{D1A01A20-9E01-42C9-B9B0-51CF3DE6E2B1}.Ad-Hoc|Any CPU.Build.0 = Release|Any CPU
		{D1A01A20-9E01-42C9-B9B0-51CF3DE6E2B1}.Ad-Hoc|iPhone.ActiveCfg = Debug|Any CPU
		{D1A01A20-9E01-42C9-B9B0-51CF3DE6E2B1}.Ad-Hoc|iPhone.Build.0 = Debug|Any CPU
		{D1A01A20-9E01-42C9-B9B0-51CF3DE6E2B1}.Ad-Hoc|iPhoneSimulator.ActiveCfg = Release|Any CPU
		{D1A01A20-9E01-42C9-B9B0-51CF3DE6E2B1}.Ad-Hoc|iPhoneSimulator.Build.0 = Release|Any CPU
		{D1A01A20-9E01-42C9-B9B0-51CF3DE6E2B1}.AppStore|Any CPU.ActiveCfg = Release|Any CPU
		{D1A01A20-9E01-42C9-B9B0-51CF3DE6E2B1}.AppStore|Any CPU.Build.0 = Release|Any CPU
		{D1A01A20-9E01-42C9-B9B0-51CF3DE6E2B1}.AppStore|iPhone.ActiveCfg = Debug|Any CPU
		{D1A01A20-9E01-42C9-B9B0-51CF3DE6E2B1}.AppStore|iPhone.Build.0 = Debug|Any CPU
		{D1A01A20-9E01-42C9-B9B0-51CF3DE6E2B1}.AppStore|iPhoneSimulator.ActiveCfg = Release|Any CPU
		{D1A01A20-9E01-42C9-B9B0-51CF3DE6E2B1}.AppStore|iPhoneSimulator.Build.0 = Release|Any CPU
		{D1A01A20-9E01-42C9-B9B0-51CF3DE6E2B1}.Debug|Any CPU.ActiveCfg = Debug|Any CPU
		{D1A01A20-9E01-42C9-B9B0-51CF3DE6E2B1}.Debug|Any CPU.Build.0 = Debug|Any CPU
		{D1A01A20-9E01-42C9-B9B0-51CF3DE6E2B1}.Debug|iPhone.ActiveCfg = Debug|Any CPU
		{D1A01A20-9E01-42C9-B9B0-51CF3DE6E2B1}.Debug|iPhone.Build.0 = Debug|Any CPU
		{D1A01A20-9E01-42C9-B9B0-51CF3DE6E2B1}.Debug|iPhoneSimulator.ActiveCfg = Debug|Any CPU
		{D1A01A20-9E01-42C9-B9B0-51CF3DE6E2B1}.Debug|iPhoneSimulator.Build.0 = Debug|Any CPU
		{D1A01A20-9E01-42C9-B9B0-51CF3DE6E2B1}.Release|Any CPU.ActiveCfg = Release|Any CPU
		{D1A01A20-9E01-42C9-B9B0-51CF3DE6E2B1}.Release|Any CPU.Build.0 = Release|Any CPU
		{D1A01A20-9E01-42C9-B9B0-51CF3DE6E2B1}.Release|iPhone.ActiveCfg = Release|Any CPU
		{D1A01A20-9E01-42C9-B9B0-51CF3DE6E2B1}.Release|iPhone.Build.0 = Release|Any CPU
		{D1A01A20-9E01-42C9-B9B0-51CF3DE6E2B1}.Release|iPhoneSimulator.ActiveCfg = Release|Any CPU
		{D1A01A20-9E01-42C9-B9B0-51CF3DE6E2B1}.Release|iPhoneSimulator.Build.0 = Release|Any CPU
		{51B9E364-A8CB-4B46-9CFD-9184290BE744}.Ad-Hoc|Any CPU.ActiveCfg = Debug|Any CPU
		{51B9E364-A8CB-4B46-9CFD-9184290BE744}.Ad-Hoc|Any CPU.Build.0 = Debug|Any CPU
		{51B9E364-A8CB-4B46-9CFD-9184290BE744}.Ad-Hoc|iPhone.ActiveCfg = Debug|Any CPU
		{51B9E364-A8CB-4B46-9CFD-9184290BE744}.Ad-Hoc|iPhone.Build.0 = Debug|Any CPU
		{51B9E364-A8CB-4B46-9CFD-9184290BE744}.Ad-Hoc|iPhoneSimulator.ActiveCfg = Debug|Any CPU
		{51B9E364-A8CB-4B46-9CFD-9184290BE744}.Ad-Hoc|iPhoneSimulator.Build.0 = Debug|Any CPU
		{51B9E364-A8CB-4B46-9CFD-9184290BE744}.AppStore|Any CPU.ActiveCfg = Debug|Any CPU
		{51B9E364-A8CB-4B46-9CFD-9184290BE744}.AppStore|Any CPU.Build.0 = Debug|Any CPU
		{51B9E364-A8CB-4B46-9CFD-9184290BE744}.AppStore|iPhone.ActiveCfg = Debug|Any CPU
		{51B9E364-A8CB-4B46-9CFD-9184290BE744}.AppStore|iPhone.Build.0 = Debug|Any CPU
		{51B9E364-A8CB-4B46-9CFD-9184290BE744}.AppStore|iPhoneSimulator.ActiveCfg = Debug|Any CPU
		{51B9E364-A8CB-4B46-9CFD-9184290BE744}.AppStore|iPhoneSimulator.Build.0 = Debug|Any CPU
		{51B9E364-A8CB-4B46-9CFD-9184290BE744}.Debug|Any CPU.ActiveCfg = Debug|Any CPU
		{51B9E364-A8CB-4B46-9CFD-9184290BE744}.Debug|Any CPU.Build.0 = Debug|Any CPU
		{51B9E364-A8CB-4B46-9CFD-9184290BE744}.Debug|iPhone.ActiveCfg = Debug|Any CPU
		{51B9E364-A8CB-4B46-9CFD-9184290BE744}.Debug|iPhone.Build.0 = Debug|Any CPU
		{51B9E364-A8CB-4B46-9CFD-9184290BE744}.Debug|iPhoneSimulator.ActiveCfg = Debug|Any CPU
		{51B9E364-A8CB-4B46-9CFD-9184290BE744}.Debug|iPhoneSimulator.Build.0 = Debug|Any CPU
		{51B9E364-A8CB-4B46-9CFD-9184290BE744}.Release|Any CPU.ActiveCfg = Release|Any CPU
		{51B9E364-A8CB-4B46-9CFD-9184290BE744}.Release|Any CPU.Build.0 = Release|Any CPU
		{51B9E364-A8CB-4B46-9CFD-9184290BE744}.Release|iPhone.ActiveCfg = Release|Any CPU
		{51B9E364-A8CB-4B46-9CFD-9184290BE744}.Release|iPhone.Build.0 = Release|Any CPU
		{51B9E364-A8CB-4B46-9CFD-9184290BE744}.Release|iPhoneSimulator.ActiveCfg = Release|Any CPU
		{51B9E364-A8CB-4B46-9CFD-9184290BE744}.Release|iPhoneSimulator.Build.0 = Release|Any CPU
		{F1EE243A-FBA6-4762-BF72-37BAE639FBC7}.Ad-Hoc|Any CPU.ActiveCfg = Debug|Any CPU
		{F1EE243A-FBA6-4762-BF72-37BAE639FBC7}.Ad-Hoc|Any CPU.Build.0 = Debug|Any CPU
		{F1EE243A-FBA6-4762-BF72-37BAE639FBC7}.Ad-Hoc|iPhone.ActiveCfg = Debug|Any CPU
		{F1EE243A-FBA6-4762-BF72-37BAE639FBC7}.Ad-Hoc|iPhone.Build.0 = Debug|Any CPU
		{F1EE243A-FBA6-4762-BF72-37BAE639FBC7}.Ad-Hoc|iPhoneSimulator.ActiveCfg = Debug|Any CPU
		{F1EE243A-FBA6-4762-BF72-37BAE639FBC7}.Ad-Hoc|iPhoneSimulator.Build.0 = Debug|Any CPU
		{F1EE243A-FBA6-4762-BF72-37BAE639FBC7}.AppStore|Any CPU.ActiveCfg = Debug|Any CPU
		{F1EE243A-FBA6-4762-BF72-37BAE639FBC7}.AppStore|Any CPU.Build.0 = Debug|Any CPU
		{F1EE243A-FBA6-4762-BF72-37BAE639FBC7}.AppStore|iPhone.ActiveCfg = Debug|Any CPU
		{F1EE243A-FBA6-4762-BF72-37BAE639FBC7}.AppStore|iPhone.Build.0 = Debug|Any CPU
		{F1EE243A-FBA6-4762-BF72-37BAE639FBC7}.AppStore|iPhoneSimulator.ActiveCfg = Debug|Any CPU
		{F1EE243A-FBA6-4762-BF72-37BAE639FBC7}.AppStore|iPhoneSimulator.Build.0 = Debug|Any CPU
		{F1EE243A-FBA6-4762-BF72-37BAE639FBC7}.Debug|Any CPU.ActiveCfg = Debug|Any CPU
		{F1EE243A-FBA6-4762-BF72-37BAE639FBC7}.Debug|Any CPU.Build.0 = Debug|Any CPU
		{F1EE243A-FBA6-4762-BF72-37BAE639FBC7}.Debug|iPhone.ActiveCfg = Debug|Any CPU
		{F1EE243A-FBA6-4762-BF72-37BAE639FBC7}.Debug|iPhone.Build.0 = Debug|Any CPU
		{F1EE243A-FBA6-4762-BF72-37BAE639FBC7}.Debug|iPhoneSimulator.ActiveCfg = Debug|Any CPU
		{F1EE243A-FBA6-4762-BF72-37BAE639FBC7}.Debug|iPhoneSimulator.Build.0 = Debug|Any CPU
		{F1EE243A-FBA6-4762-BF72-37BAE639FBC7}.Release|Any CPU.ActiveCfg = Release|Any CPU
		{F1EE243A-FBA6-4762-BF72-37BAE639FBC7}.Release|Any CPU.Build.0 = Release|Any CPU
		{F1EE243A-FBA6-4762-BF72-37BAE639FBC7}.Release|iPhone.ActiveCfg = Release|Any CPU
		{F1EE243A-FBA6-4762-BF72-37BAE639FBC7}.Release|iPhone.Build.0 = Release|Any CPU
		{F1EE243A-FBA6-4762-BF72-37BAE639FBC7}.Release|iPhoneSimulator.ActiveCfg = Release|Any CPU
		{F1EE243A-FBA6-4762-BF72-37BAE639FBC7}.Release|iPhoneSimulator.Build.0 = Release|Any CPU
		{40C3A35B-8332-46FD-A28C-25556A937CFA}.Ad-Hoc|Any CPU.ActiveCfg = Debug|Any CPU
		{40C3A35B-8332-46FD-A28C-25556A937CFA}.Ad-Hoc|Any CPU.Build.0 = Debug|Any CPU
		{40C3A35B-8332-46FD-A28C-25556A937CFA}.Ad-Hoc|iPhone.ActiveCfg = Debug|Any CPU
		{40C3A35B-8332-46FD-A28C-25556A937CFA}.Ad-Hoc|iPhone.Build.0 = Debug|Any CPU
		{40C3A35B-8332-46FD-A28C-25556A937CFA}.Ad-Hoc|iPhoneSimulator.ActiveCfg = Debug|Any CPU
		{40C3A35B-8332-46FD-A28C-25556A937CFA}.Ad-Hoc|iPhoneSimulator.Build.0 = Debug|Any CPU
		{40C3A35B-8332-46FD-A28C-25556A937CFA}.AppStore|Any CPU.ActiveCfg = Debug|Any CPU
		{40C3A35B-8332-46FD-A28C-25556A937CFA}.AppStore|Any CPU.Build.0 = Debug|Any CPU
		{40C3A35B-8332-46FD-A28C-25556A937CFA}.AppStore|iPhone.ActiveCfg = Debug|Any CPU
		{40C3A35B-8332-46FD-A28C-25556A937CFA}.AppStore|iPhone.Build.0 = Debug|Any CPU
		{40C3A35B-8332-46FD-A28C-25556A937CFA}.AppStore|iPhoneSimulator.ActiveCfg = Debug|Any CPU
		{40C3A35B-8332-46FD-A28C-25556A937CFA}.AppStore|iPhoneSimulator.Build.0 = Debug|Any CPU
		{40C3A35B-8332-46FD-A28C-25556A937CFA}.Debug|Any CPU.ActiveCfg = Debug|Any CPU
		{40C3A35B-8332-46FD-A28C-25556A937CFA}.Debug|Any CPU.Build.0 = Debug|Any CPU
		{40C3A35B-8332-46FD-A28C-25556A937CFA}.Debug|iPhone.ActiveCfg = Debug|Any CPU
		{40C3A35B-8332-46FD-A28C-25556A937CFA}.Debug|iPhone.Build.0 = Debug|Any CPU
		{40C3A35B-8332-46FD-A28C-25556A937CFA}.Debug|iPhoneSimulator.ActiveCfg = Debug|Any CPU
		{40C3A35B-8332-46FD-A28C-25556A937CFA}.Debug|iPhoneSimulator.Build.0 = Debug|Any CPU
		{40C3A35B-8332-46FD-A28C-25556A937CFA}.Release|Any CPU.ActiveCfg = Release|Any CPU
		{40C3A35B-8332-46FD-A28C-25556A937CFA}.Release|Any CPU.Build.0 = Release|Any CPU
		{40C3A35B-8332-46FD-A28C-25556A937CFA}.Release|iPhone.ActiveCfg = Release|Any CPU
		{40C3A35B-8332-46FD-A28C-25556A937CFA}.Release|iPhone.Build.0 = Release|Any CPU
		{40C3A35B-8332-46FD-A28C-25556A937CFA}.Release|iPhoneSimulator.ActiveCfg = Release|Any CPU
		{40C3A35B-8332-46FD-A28C-25556A937CFA}.Release|iPhoneSimulator.Build.0 = Release|Any CPU
		{95193621-435B-4DFC-B082-DC2405DACA8B}.Ad-Hoc|Any CPU.ActiveCfg = Debug|Any CPU
		{95193621-435B-4DFC-B082-DC2405DACA8B}.Ad-Hoc|Any CPU.Build.0 = Debug|Any CPU
		{95193621-435B-4DFC-B082-DC2405DACA8B}.Ad-Hoc|iPhone.ActiveCfg = Debug|Any CPU
		{95193621-435B-4DFC-B082-DC2405DACA8B}.Ad-Hoc|iPhone.Build.0 = Debug|Any CPU
		{95193621-435B-4DFC-B082-DC2405DACA8B}.Ad-Hoc|iPhoneSimulator.ActiveCfg = Debug|Any CPU
		{95193621-435B-4DFC-B082-DC2405DACA8B}.Ad-Hoc|iPhoneSimulator.Build.0 = Debug|Any CPU
		{95193621-435B-4DFC-B082-DC2405DACA8B}.AppStore|Any CPU.ActiveCfg = Debug|Any CPU
		{95193621-435B-4DFC-B082-DC2405DACA8B}.AppStore|Any CPU.Build.0 = Debug|Any CPU
		{95193621-435B-4DFC-B082-DC2405DACA8B}.AppStore|iPhone.ActiveCfg = Debug|Any CPU
		{95193621-435B-4DFC-B082-DC2405DACA8B}.AppStore|iPhone.Build.0 = Debug|Any CPU
		{95193621-435B-4DFC-B082-DC2405DACA8B}.AppStore|iPhoneSimulator.ActiveCfg = Debug|Any CPU
		{95193621-435B-4DFC-B082-DC2405DACA8B}.AppStore|iPhoneSimulator.Build.0 = Debug|Any CPU
		{95193621-435B-4DFC-B082-DC2405DACA8B}.Debug|Any CPU.ActiveCfg = Debug|Any CPU
		{95193621-435B-4DFC-B082-DC2405DACA8B}.Debug|Any CPU.Build.0 = Debug|Any CPU
		{95193621-435B-4DFC-B082-DC2405DACA8B}.Debug|iPhone.ActiveCfg = Debug|Any CPU
		{95193621-435B-4DFC-B082-DC2405DACA8B}.Debug|iPhone.Build.0 = Debug|Any CPU
		{95193621-435B-4DFC-B082-DC2405DACA8B}.Debug|iPhoneSimulator.ActiveCfg = Debug|Any CPU
		{95193621-435B-4DFC-B082-DC2405DACA8B}.Debug|iPhoneSimulator.Build.0 = Debug|Any CPU
		{95193621-435B-4DFC-B082-DC2405DACA8B}.Release|Any CPU.ActiveCfg = Release|Any CPU
		{95193621-435B-4DFC-B082-DC2405DACA8B}.Release|Any CPU.Build.0 = Release|Any CPU
		{95193621-435B-4DFC-B082-DC2405DACA8B}.Release|iPhone.ActiveCfg = Release|Any CPU
		{95193621-435B-4DFC-B082-DC2405DACA8B}.Release|iPhone.Build.0 = Release|Any CPU
		{95193621-435B-4DFC-B082-DC2405DACA8B}.Release|iPhoneSimulator.ActiveCfg = Release|Any CPU
		{95193621-435B-4DFC-B082-DC2405DACA8B}.Release|iPhoneSimulator.Build.0 = Release|Any CPU
		{955C654E-4D59-40B5-AD10-84D858429CE9}.Ad-Hoc|Any CPU.ActiveCfg = Debug|Any CPU
		{955C654E-4D59-40B5-AD10-84D858429CE9}.Ad-Hoc|Any CPU.Build.0 = Debug|Any CPU
		{955C654E-4D59-40B5-AD10-84D858429CE9}.Ad-Hoc|iPhone.ActiveCfg = Debug|Any CPU
		{955C654E-4D59-40B5-AD10-84D858429CE9}.Ad-Hoc|iPhone.Build.0 = Debug|Any CPU
		{955C654E-4D59-40B5-AD10-84D858429CE9}.Ad-Hoc|iPhoneSimulator.ActiveCfg = Debug|Any CPU
		{955C654E-4D59-40B5-AD10-84D858429CE9}.Ad-Hoc|iPhoneSimulator.Build.0 = Debug|Any CPU
		{955C654E-4D59-40B5-AD10-84D858429CE9}.AppStore|Any CPU.ActiveCfg = Debug|Any CPU
		{955C654E-4D59-40B5-AD10-84D858429CE9}.AppStore|Any CPU.Build.0 = Debug|Any CPU
		{955C654E-4D59-40B5-AD10-84D858429CE9}.AppStore|iPhone.ActiveCfg = Debug|Any CPU
		{955C654E-4D59-40B5-AD10-84D858429CE9}.AppStore|iPhone.Build.0 = Debug|Any CPU
		{955C654E-4D59-40B5-AD10-84D858429CE9}.AppStore|iPhoneSimulator.ActiveCfg = Debug|Any CPU
		{955C654E-4D59-40B5-AD10-84D858429CE9}.AppStore|iPhoneSimulator.Build.0 = Debug|Any CPU
		{955C654E-4D59-40B5-AD10-84D858429CE9}.Debug|Any CPU.ActiveCfg = Debug|Any CPU
		{955C654E-4D59-40B5-AD10-84D858429CE9}.Debug|Any CPU.Build.0 = Debug|Any CPU
		{955C654E-4D59-40B5-AD10-84D858429CE9}.Debug|iPhone.ActiveCfg = Debug|Any CPU
		{955C654E-4D59-40B5-AD10-84D858429CE9}.Debug|iPhone.Build.0 = Debug|Any CPU
		{955C654E-4D59-40B5-AD10-84D858429CE9}.Debug|iPhoneSimulator.ActiveCfg = Debug|Any CPU
		{955C654E-4D59-40B5-AD10-84D858429CE9}.Debug|iPhoneSimulator.Build.0 = Debug|Any CPU
		{955C654E-4D59-40B5-AD10-84D858429CE9}.Release|Any CPU.ActiveCfg = Release|Any CPU
		{955C654E-4D59-40B5-AD10-84D858429CE9}.Release|Any CPU.Build.0 = Release|Any CPU
		{955C654E-4D59-40B5-AD10-84D858429CE9}.Release|iPhone.ActiveCfg = Release|Any CPU
		{955C654E-4D59-40B5-AD10-84D858429CE9}.Release|iPhone.Build.0 = Release|Any CPU
		{955C654E-4D59-40B5-AD10-84D858429CE9}.Release|iPhoneSimulator.ActiveCfg = Release|Any CPU
		{955C654E-4D59-40B5-AD10-84D858429CE9}.Release|iPhoneSimulator.Build.0 = Release|Any CPU
		{B709D8DC-DD91-4DB4-932E-96542FC7D092}.Ad-Hoc|Any CPU.ActiveCfg = Debug|Any CPU
		{B709D8DC-DD91-4DB4-932E-96542FC7D092}.Ad-Hoc|Any CPU.Build.0 = Debug|Any CPU
		{B709D8DC-DD91-4DB4-932E-96542FC7D092}.Ad-Hoc|iPhone.ActiveCfg = Debug|Any CPU
		{B709D8DC-DD91-4DB4-932E-96542FC7D092}.Ad-Hoc|iPhone.Build.0 = Debug|Any CPU
		{B709D8DC-DD91-4DB4-932E-96542FC7D092}.Ad-Hoc|iPhoneSimulator.ActiveCfg = Debug|Any CPU
		{B709D8DC-DD91-4DB4-932E-96542FC7D092}.Ad-Hoc|iPhoneSimulator.Build.0 = Debug|Any CPU
		{B709D8DC-DD91-4DB4-932E-96542FC7D092}.AppStore|Any CPU.ActiveCfg = Debug|Any CPU
		{B709D8DC-DD91-4DB4-932E-96542FC7D092}.AppStore|Any CPU.Build.0 = Debug|Any CPU
		{B709D8DC-DD91-4DB4-932E-96542FC7D092}.AppStore|iPhone.ActiveCfg = Debug|Any CPU
		{B709D8DC-DD91-4DB4-932E-96542FC7D092}.AppStore|iPhone.Build.0 = Debug|Any CPU
		{B709D8DC-DD91-4DB4-932E-96542FC7D092}.AppStore|iPhoneSimulator.ActiveCfg = Debug|Any CPU
		{B709D8DC-DD91-4DB4-932E-96542FC7D092}.AppStore|iPhoneSimulator.Build.0 = Debug|Any CPU
		{B709D8DC-DD91-4DB4-932E-96542FC7D092}.Debug|Any CPU.ActiveCfg = Debug|Any CPU
		{B709D8DC-DD91-4DB4-932E-96542FC7D092}.Debug|Any CPU.Build.0 = Debug|Any CPU
		{B709D8DC-DD91-4DB4-932E-96542FC7D092}.Debug|iPhone.ActiveCfg = Debug|Any CPU
		{B709D8DC-DD91-4DB4-932E-96542FC7D092}.Debug|iPhone.Build.0 = Debug|Any CPU
		{B709D8DC-DD91-4DB4-932E-96542FC7D092}.Debug|iPhoneSimulator.ActiveCfg = Debug|Any CPU
		{B709D8DC-DD91-4DB4-932E-96542FC7D092}.Debug|iPhoneSimulator.Build.0 = Debug|Any CPU
		{B709D8DC-DD91-4DB4-932E-96542FC7D092}.Release|Any CPU.ActiveCfg = Release|Any CPU
		{B709D8DC-DD91-4DB4-932E-96542FC7D092}.Release|Any CPU.Build.0 = Release|Any CPU
		{B709D8DC-DD91-4DB4-932E-96542FC7D092}.Release|iPhone.ActiveCfg = Release|Any CPU
		{B709D8DC-DD91-4DB4-932E-96542FC7D092}.Release|iPhone.Build.0 = Release|Any CPU
		{B709D8DC-DD91-4DB4-932E-96542FC7D092}.Release|iPhoneSimulator.ActiveCfg = Release|Any CPU
		{B709D8DC-DD91-4DB4-932E-96542FC7D092}.Release|iPhoneSimulator.Build.0 = Release|Any CPU
	EndGlobalSection
	GlobalSection(SolutionProperties) = preSolution
		HideSolutionNode = FALSE
	EndGlobalSection
	GlobalSection(ExtensibilityGlobals) = postSolution
		SolutionGuid = {BFD6B471-8788-43F5-A54B-B541C1F0D74D}
	EndGlobalSection
EndGlobal
